Microsoft Visual Studio Solution File, Format Version 12.00
# Visual Studio 2012
Project("{FAE04EC0-301F-11D3-BF4B-00C04F79EFBC}") = "godot_tower", "godot_tower.csproj", "{2C127E58-39FB-49D6-8363-0C9B59A1F561}"
EndProject
Global
	GlobalSection(SolutionConfigurationPlatforms) = preSolution
	Debug|Any CPU = Debug|Any CPU
	ExportDebug|Any CPU = ExportDebug|Any CPU
	ExportRelease|Any CPU = ExportRelease|Any CPU
	EndGlobalSection
	GlobalSection(ProjectConfigurationPlatforms) = postSolution
		{2C127E58-39FB-49D6-8363-0C9B59A1F561}.Debug|Any CPU.ActiveCfg = Debug|Any CPU
		{2C127E58-39FB-49D6-8363-0C9B59A1F561}.Debug|Any CPU.Build.0 = Debug|Any CPU
		{2C127E58-39FB-49D6-8363-0C9B59A1F561}.ExportDebug|Any CPU.ActiveCfg = ExportDebug|Any CPU
		{2C127E58-39FB-49D6-8363-0C9B59A1F561}.ExportDebug|Any CPU.Build.0 = ExportDebug|Any CPU
		{2C127E58-39FB-49D6-8363-0C9B59A1F561}.ExportRelease|Any CPU.ActiveCfg = ExportRelease|Any CPU
		{2C127E58-39FB-49D6-8363-0C9B59A1F561}.ExportRelease|Any CPU.Build.0 = ExportRelease|Any CPU
	EndGlobalSection
EndGlobal
